
Microsoft Visual Studio Solution File, Format Version 12.00
# Visual Studio Version 16
VisualStudioVersion = 16.0.33423.256
MinimumVisualStudioVersion = 10.0.40219.1
Project("{FAE04EC0-301F-11D3-BF4B-00C04F79EFBC}") = "220050062_Thinane_LabEx5", "220050062_Thinane_LabEx5.csproj", "{C0D2A796-2243-4912-A2D4-C25087CBD906}"
EndProject
Project("{FAE04EC0-301F-11D3-BF4B-00C04F79EFBC}") = "Datalayer", "..\Datalayer\Datalayer.csproj", "{39B02393-68DE-40B1-828D-398C5E9E2EEF}"
EndProject
Global
	GlobalSection(SolutionConfigurationPlatforms) = preSolution
		Debug|Any CPU = Debug|Any CPU
		Release|Any CPU = Release|Any CPU
	EndGlobalSection
	GlobalSection(ProjectConfigurationPlatforms) = postSolution
		{C0D2A796-2243-4912-A2D4-C25087CBD906}.Debug|Any CPU.ActiveCfg = Debug|Any CPU
		{C0D2A796-2243-4912-A2D4-C25087CBD906}.Debug|Any CPU.Build.0 = Debug|Any CPU
		{C0D2A796-2243-4912-A2D4-C25087CBD906}.Release|Any CPU.ActiveCfg = Release|Any CPU
		{C0D2A796-2243-4912-A2D4-C25087CBD906}.Release|Any CPU.Build.0 = Release|Any CPU
		{39B02393-68DE-40B1-828D-398C5E9E2EEF}.Debug|Any CPU.ActiveCfg = Debug|Any CPU
		{39B02393-68DE-40B1-828D-398C5E9E2EEF}.Debug|Any CPU.Build.0 = Debug|Any CPU
		{39B02393-68DE-40B1-828D-398C5E9E2EEF}.Release|Any CPU.ActiveCfg = Release|Any CPU
		{39B02393-68DE-40B1-828D-398C5E9E2EEF}.Release|Any CPU.Build.0 = Release|Any CPU
	EndGlobalSection
	GlobalSection(SolutionProperties) = preSolution
		HideSolutionNode = FALSE
	EndGlobalSection
	GlobalSection(ExtensibilityGlobals) = postSolution
		SolutionGuid = {74ADE8D0-7762-4C42-AC04-E3F58AA44711}
	EndGlobalSection
EndGlobal
